
Microsoft Visual Studio Solution File, Format Version 12.00
Project("{FAE04EC0-301F-11D3-BF4B-00C04F79EFBC}") = "GK540 Color Changer", "GK540 Color Changer\GK540 Color Changer.csproj", "{3897135D-5D16-48D3-9CBF-C7F651EFD369}"
EndProject
Global
	GlobalSection(SolutionConfigurationPlatforms) = preSolution
		Debug|Any CPU = Debug|Any CPU
		Release|Any CPU = Release|Any CPU
	EndGlobalSection
	GlobalSection(ProjectConfigurationPlatforms) = postSolution
		{3897135D-5D16-48D3-9CBF-C7F651EFD369}.Debug|Any CPU.ActiveCfg = Debug|Any CPU
		{3897135D-5D16-48D3-9CBF-C7F651EFD369}.Debug|Any CPU.Build.0 = Debug|Any CPU
		{3897135D-5D16-48D3-9CBF-C7F651EFD369}.Release|Any CPU.ActiveCfg = Release|Any CPU
		{3897135D-5D16-48D3-9CBF-C7F651EFD369}.Release|Any CPU.Build.0 = Release|Any CPU
	EndGlobalSection
EndGlobal
